
Microsoft Visual Studio Solution File, Format Version 12.00
# Visual Studio 14
VisualStudioVersion = 14.0.25420.1
MinimumVisualStudioVersion = 10.0.40219.1
Project("{FAE04EC0-301F-11D3-BF4B-00C04F79EFBC}") = "SmartShelf", "SmartShelf\SmartShelf\SmartShelf.csproj", "{96DE5BE0-44DE-4D52-9B3B-D93EF930094D}"
EndProject
Project("{FAE04EC0-301F-11D3-BF4B-00C04F79EFBC}") = "SmartShelf.Droid", "SmartShelf\SmartShelf.Droid\SmartShelf.Droid.csproj", "{580E0BAF-4855-4987-828B-757A74431409}"
EndProject
Project("{FAE04EC0-301F-11D3-BF4B-00C04F79EFBC}") = "SmartShelf.iOS", "SmartShelf\SmartShelf.iOS\SmartShelf.iOS.csproj", "{71F477CD-3A0C-4B0B-B1FA-A12F827EC555}"
EndProject
Project("{FAE04EC0-301F-11D3-BF4B-00C04F79EFBC}") = "SmartShelf.WinPhone", "SmartShelf\SmartShelf.WinPhone\SmartShelf.WinPhone.csproj", "{CE877B24-719F-4FBB-A00C-C2CD24E867F3}"
EndProject
Project("{FAE04EC0-301F-11D3-BF4B-00C04F79EFBC}") = "SmartShelf.UWP", "SmartShelf\SmartShelf.UWP\SmartShelf.UWP.csproj", "{490C14A2-CC60-4571-A7BD-CC91F5CAA21B}"
EndProject
Project("{FAE04EC0-301F-11D3-BF4B-00C04F79EFBC}") = "SmartShelf.Windows", "SmartShelf\SmartShelf.Windows\SmartShelf.Windows.csproj", "{B2F6ECF1-A111-41BC-9A8E-B1F3624014C2}"
EndProject
Global
	GlobalSection(SolutionConfigurationPlatforms) = preSolution
		Ad-Hoc|Any CPU = Ad-Hoc|Any CPU
		Ad-Hoc|ARM = Ad-Hoc|ARM
		Ad-Hoc|iPhone = Ad-Hoc|iPhone
		Ad-Hoc|iPhoneSimulator = Ad-Hoc|iPhoneSimulator
		Ad-Hoc|x64 = Ad-Hoc|x64
		Ad-Hoc|x86 = Ad-Hoc|x86
		AppStore|Any CPU = AppStore|Any CPU
		AppStore|ARM = AppStore|ARM
		AppStore|iPhone = AppStore|iPhone
		AppStore|iPhoneSimulator = AppStore|iPhoneSimulator
		AppStore|x64 = AppStore|x64
		AppStore|x86 = AppStore|x86
		Debug|Any CPU = Debug|Any CPU
		Debug|ARM = Debug|ARM
		Debug|iPhone = Debug|iPhone
		Debug|iPhoneSimulator = Debug|iPhoneSimulator
		Debug|x64 = Debug|x64
		Debug|x86 = Debug|x86
		Release|Any CPU = Release|Any CPU
		Release|ARM = Release|ARM
		Release|iPhone = Release|iPhone
		Release|iPhoneSimulator = Release|iPhoneSimulator
		Release|x64 = Release|x64
		Release|x86 = Release|x86
	EndGlobalSection
	GlobalSection(ProjectConfigurationPlatforms) = postSolution
		{96DE5BE0-44DE-4D52-9B3B-D93EF930094D}.Ad-Hoc|Any CPU.ActiveCfg = Release|Any CPU
		{96DE5BE0-44DE-4D52-9B3B-D93EF930094D}.Ad-Hoc|Any CPU.Build.0 = Release|Any CPU
		{96DE5BE0-44DE-4D52-9B3B-D93EF930094D}.Ad-Hoc|ARM.ActiveCfg = Release|Any CPU
		{96DE5BE0-44DE-4D52-9B3B-D93EF930094D}.Ad-Hoc|ARM.Build.0 = Release|Any CPU
		{96DE5BE0-44DE-4D52-9B3B-D93EF930094D}.Ad-Hoc|iPhone.ActiveCfg = Release|Any CPU
		{96DE5BE0-44DE-4D52-9B3B-D93EF930094D}.Ad-Hoc|iPhone.Build.0 = Release|Any CPU
		{96DE5BE0-44DE-4D52-9B3B-D93EF930094D}.Ad-Hoc|iPhoneSimulator.ActiveCfg = Release|Any CPU
		{96DE5BE0-44DE-4D52-9B3B-D93EF930094D}.Ad-Hoc|iPhoneSimulator.Build.0 = Release|Any CPU
		{96DE5BE0-44DE-4D52-9B3B-D93EF930094D}.Ad-Hoc|x64.ActiveCfg = Release|Any CPU
		{96DE5BE0-44DE-4D52-9B3B-D93EF930094D}.Ad-Hoc|x64.Build.0 = Release|Any CPU
		{96DE5BE0-44DE-4D52-9B3B-D93EF930094D}.Ad-Hoc|x86.ActiveCfg = Release|Any CPU
		{96DE5BE0-44DE-4D52-9B3B-D93EF930094D}.Ad-Hoc|x86.Build.0 = Release|Any CPU
		{96DE5BE0-44DE-4D52-9B3B-D93EF930094D}.AppStore|Any CPU.ActiveCfg = Release|Any CPU
		{96DE5BE0-44DE-4D52-9B3B-D93EF930094D}.AppStore|Any CPU.Build.0 = Release|Any CPU
		{96DE5BE0-44DE-4D52-9B3B-D93EF930094D}.AppStore|ARM.ActiveCfg = Release|Any CPU
		{96DE5BE0-44DE-4D52-9B3B-D93EF930094D}.AppStore|ARM.Build.0 = Release|Any CPU
		{96DE5BE0-44DE-4D52-9B3B-D93EF930094D}.AppStore|iPhone.ActiveCfg = Release|Any CPU
		{96DE5BE0-44DE-4D52-9B3B-D93EF930094D}.AppStore|iPhone.Build.0 = Release|Any CPU
		{96DE5BE0-44DE-4D52-9B3B-D93EF930094D}.AppStore|iPhoneSimulator.ActiveCfg = Release|Any CPU
		{96DE5BE0-44DE-4D52-9B3B-D93EF930094D}.AppStore|iPhoneSimulator.Build.0 = Release|Any CPU
		{96DE5BE0-44DE-4D52-9B3B-D93EF930094D}.AppStore|x64.ActiveCfg = Release|Any CPU
		{96DE5BE0-44DE-4D52-9B3B-D93EF930094D}.AppStore|x64.Build.0 = Release|Any CPU
		{96DE5BE0-44DE-4D52-9B3B-D93EF930094D}.AppStore|x86.ActiveCfg = Release|Any CPU
		{96DE5BE0-44DE-4D52-9B3B-D93EF930094D}.AppStore|x86.Build.0 = Release|Any CPU
		{96DE5BE0-44DE-4D52-9B3B-D93EF930094D}.Debug|Any CPU.ActiveCfg = Debug|Any CPU
		{96DE5BE0-44DE-4D52-9B3B-D93EF930094D}.Debug|Any CPU.Build.0 = Debug|Any CPU
		{96DE5BE0-44DE-4D52-9B3B-D93EF930094D}.Debug|ARM.ActiveCfg = Debug|Any CPU
		{96DE5BE0-44DE-4D52-9B3B-D93EF930094D}.Debug|ARM.Build.0 = Debug|Any CPU
		{96DE5BE0-44DE-4D52-9B3B-D93EF930094D}.Debug|iPhone.ActiveCfg = Debug|Any CPU
		{96DE5BE0-44DE-4D52-9B3B-D93EF930094D}.Debug|iPhone.Build.0 = Debug|Any CPU
		{96DE5BE0-44DE-4D52-9B3B-D93EF930094D}.Debug|iPhoneSimulator.ActiveCfg = Debug|Any CPU
		{96DE5BE0-44DE-4D52-9B3B-D93EF930094D}.Debug|iPhoneSimulator.Build.0 = Debug|Any CPU
		{96DE5BE0-44DE-4D52-9B3B-D93EF930094D}.Debug|x64.ActiveCfg = Debug|Any CPU
		{96DE5BE0-44DE-4D52-9B3B-D93EF930094D}.Debug|x64.Build.0 = Debug|Any CPU
		{96DE5BE0-44DE-4D52-9B3B-D93EF930094D}.Debug|x86.ActiveCfg = Debug|Any CPU
		{96DE5BE0-44DE-4D52-9B3B-D93EF930094D}.Debug|x86.Build.0 = Debug|Any CPU
		{96DE5BE0-44DE-4D52-9B3B-D93EF930094D}.Release|Any CPU.ActiveCfg = Release|Any CPU
		{96DE5BE0-44DE-4D52-9B3B-D93EF930094D}.Release|Any CPU.Build.0 = Release|Any CPU
		{96DE5BE0-44DE-4D52-9B3B-D93EF930094D}.Release|ARM.ActiveCfg = Release|Any CPU
		{96DE5BE0-44DE-4D52-9B3B-D93EF930094D}.Release|ARM.Build.0 = Release|Any CPU
		{96DE5BE0-44DE-4D52-9B3B-D93EF930094D}.Release|iPhone.ActiveCfg = Release|Any CPU
		{96DE5BE0-44DE-4D52-9B3B-D93EF930094D}.Release|iPhone.Build.0 = Release|Any CPU
		{96DE5BE0-44DE-4D52-9B3B-D93EF930094D}.Release|iPhoneSimulator.ActiveCfg = Release|Any CPU
		{96DE5BE0-44DE-4D52-9B3B-D93EF930094D}.Release|iPhoneSimulator.Build.0 = Release|Any CPU
		{96DE5BE0-44DE-4D52-9B3B-D93EF930094D}.Release|x64.ActiveCfg = Release|Any CPU
		{96DE5BE0-44DE-4D52-9B3B-D93EF930094D}.Release|x64.Build.0 = Release|Any CPU
		{96DE5BE0-44DE-4D52-9B3B-D93EF930094D}.Release|x86.ActiveCfg = Release|Any CPU
		{96DE5BE0-44DE-4D52-9B3B-D93EF930094D}.Release|x86.Build.0 = Release|Any CPU
		{580E0BAF-4855-4987-828B-757A74431409}.Ad-Hoc|Any CPU.ActiveCfg = Release|Any CPU
		{580E0BAF-4855-4987-828B-757A74431409}.Ad-Hoc|Any CPU.Build.0 = Release|Any CPU
		{580E0BAF-4855-4987-828B-757A74431409}.Ad-Hoc|Any CPU.Deploy.0 = Release|Any CPU
		{580E0BAF-4855-4987-828B-757A74431409}.Ad-Hoc|ARM.ActiveCfg = Release|Any CPU
		{580E0BAF-4855-4987-828B-757A74431409}.Ad-Hoc|ARM.Build.0 = Release|Any CPU
		{580E0BAF-4855-4987-828B-757A74431409}.Ad-Hoc|ARM.Deploy.0 = Release|Any CPU
		{580E0BAF-4855-4987-828B-757A74431409}.Ad-Hoc|iPhone.ActiveCfg = Release|Any CPU
		{580E0BAF-4855-4987-828B-757A74431409}.Ad-Hoc|iPhone.Build.0 = Release|Any CPU
		{580E0BAF-4855-4987-828B-757A74431409}.Ad-Hoc|iPhone.Deploy.0 = Release|Any CPU
		{580E0BAF-4855-4987-828B-757A74431409}.Ad-Hoc|iPhoneSimulator.ActiveCfg = Release|Any CPU
		{580E0BAF-4855-4987-828B-757A74431409}.Ad-Hoc|iPhoneSimulator.Build.0 = Release|Any CPU
		{580E0BAF-4855-4987-828B-757A74431409}.Ad-Hoc|iPhoneSimulator.Deploy.0 = Release|Any CPU
		{580E0BAF-4855-4987-828B-757A74431409}.Ad-Hoc|x64.ActiveCfg = Release|Any CPU
		{580E0BAF-4855-4987-828B-757A74431409}.Ad-Hoc|x64.Build.0 = Release|Any CPU
		{580E0BAF-4855-4987-828B-757A74431409}.Ad-Hoc|x64.Deploy.0 = Release|Any CPU
		{580E0BAF-4855-4987-828B-757A74431409}.Ad-Hoc|x86.ActiveCfg = Release|Any CPU
		{580E0BAF-4855-4987-828B-757A74431409}.Ad-Hoc|x86.Build.0 = Release|Any CPU
		{580E0BAF-4855-4987-828B-757A74431409}.Ad-Hoc|x86.Deploy.0 = Release|Any CPU
		{580E0BAF-4855-4987-828B-757A74431409}.AppStore|Any CPU.ActiveCfg = Release|Any CPU
		{580E0BAF-4855-4987-828B-757A74431409}.AppStore|Any CPU.Build.0 = Release|Any CPU
		{580E0BAF-4855-4987-828B-757A74431409}.AppStore|Any CPU.Deploy.0 = Release|Any CPU
		{580E0BAF-4855-4987-828B-757A74431409}.AppStore|ARM.ActiveCfg = Release|Any CPU
		{580E0BAF-4855-4987-828B-757A74431409}.AppStore|ARM.Build.0 = Release|Any CPU
		{580E0BAF-4855-4987-828B-757A74431409}.AppStore|ARM.Deploy.0 = Release|Any CPU
		{580E0BAF-4855-4987-828B-757A74431409}.AppStore|iPhone.ActiveCfg = Release|Any CPU
		{580E0BAF-4855-4987-828B-757A74431409}.AppStore|iPhone.Build.0 = Release|Any CPU
		{580E0BAF-4855-4987-828B-757A74431409}.AppStore|iPhone.Deploy.0 = Release|Any CPU
		{580E0BAF-4855-4987-828B-757A74431409}.AppStore|iPhoneSimulator.ActiveCfg = Release|Any CPU
		{580E0BAF-4855-4987-828B-757A74431409}.AppStore|iPhoneSimulator.Build.0 = Release|Any CPU
		{580E0BAF-4855-4987-828B-757A74431409}.AppStore|iPhoneSimulator.Deploy.0 = Release|Any CPU
		{580E0BAF-4855-4987-828B-757A74431409}.AppStore|x64.ActiveCfg = Release|Any CPU
		{580E0BAF-4855-4987-828B-757A74431409}.AppStore|x64.Build.0 = Release|Any CPU
		{580E0BAF-4855-4987-828B-757A74431409}.AppStore|x64.Deploy.0 = Release|Any CPU
		{580E0BAF-4855-4987-828B-757A74431409}.AppStore|x86.ActiveCfg = Release|Any CPU
		{580E0BAF-4855-4987-828B-757A74431409}.AppStore|x86.Build.0 = Release|Any CPU
		{580E0BAF-4855-4987-828B-757A74431409}.AppStore|x86.Deploy.0 = Release|Any CPU
		{580E0BAF-4855-4987-828B-757A74431409}.Debug|Any CPU.ActiveCfg = Debug|Any CPU
		{580E0BAF-4855-4987-828B-757A74431409}.Debug|Any CPU.Build.0 = Debug|Any CPU
		{580E0BAF-4855-4987-828B-757A74431409}.Debug|Any CPU.Deploy.0 = Debug|Any CPU
		{580E0BAF-4855-4987-828B-757A74431409}.Debug|ARM.ActiveCfg = Debug|Any CPU
		{580E0BAF-4855-4987-828B-757A74431409}.Debug|ARM.Build.0 = Debug|Any CPU
		{580E0BAF-4855-4987-828B-757A74431409}.Debug|ARM.Deploy.0 = Debug|Any CPU
		{580E0BAF-4855-4987-828B-757A74431409}.Debug|iPhone.ActiveCfg = Debug|Any CPU
		{580E0BAF-4855-4987-828B-757A74431409}.Debug|iPhone.Build.0 = Debug|Any CPU
		{580E0BAF-4855-4987-828B-757A74431409}.Debug|iPhone.Deploy.0 = Debug|Any CPU
		{580E0BAF-4855-4987-828B-757A74431409}.Debug|iPhoneSimulator.ActiveCfg = Debug|Any CPU
		{580E0BAF-4855-4987-828B-757A74431409}.Debug|iPhoneSimulator.Build.0 = Debug|Any CPU
		{580E0BAF-4855-4987-828B-757A74431409}.Debug|iPhoneSimulator.Deploy.0 = Debug|Any CPU
		{580E0BAF-4855-4987-828B-757A74431409}.Debug|x64.ActiveCfg = Debug|Any CPU
		{580E0BAF-4855-4987-828B-757A74431409}.Debug|x64.Build.0 = Debug|Any CPU
		{580E0BAF-4855-4987-828B-757A74431409}.Debug|x64.Deploy.0 = Debug|Any CPU
		{580E0BAF-4855-4987-828B-757A74431409}.Debug|x86.ActiveCfg = Debug|Any CPU
		{580E0BAF-4855-4987-828B-757A74431409}.Debug|x86.Build.0 = Debug|Any CPU
		{580E0BAF-4855-4987-828B-757A74431409}.Debug|x86.Deploy.0 = Debug|Any CPU
		{580E0BAF-4855-4987-828B-757A74431409}.Release|Any CPU.ActiveCfg = Release|Any CPU
		{580E0BAF-4855-4987-828B-757A74431409}.Release|Any CPU.Build.0 = Release|Any CPU
		{580E0BAF-4855-4987-828B-757A74431409}.Release|Any CPU.Deploy.0 = Release|Any CPU
		{580E0BAF-4855-4987-828B-757A74431409}.Release|ARM.ActiveCfg = Release|Any CPU
		{580E0BAF-4855-4987-828B-757A74431409}.Release|ARM.Build.0 = Release|Any CPU
		{580E0BAF-4855-4987-828B-757A74431409}.Release|ARM.Deploy.0 = Release|Any CPU
		{580E0BAF-4855-4987-828B-757A74431409}.Release|iPhone.ActiveCfg = Release|Any CPU
		{580E0BAF-4855-4987-828B-757A74431409}.Release|iPhone.Build.0 = Release|Any CPU
		{580E0BAF-4855-4987-828B-757A74431409}.Release|iPhone.Deploy.0 = Release|Any CPU
		{580E0BAF-4855-4987-828B-757A74431409}.Release|iPhoneSimulator.ActiveCfg = Release|Any CPU
		{580E0BAF-4855-4987-828B-757A74431409}.Release|iPhoneSimulator.Build.0 = Release|Any CPU
		{580E0BAF-4855-4987-828B-757A74431409}.Release|iPhoneSimulator.Deploy.0 = Release|Any CPU
		{580E0BAF-4855-4987-828B-757A74431409}.Release|x64.ActiveCfg = Release|Any CPU
		{580E0BAF-4855-4987-828B-757A74431409}.Release|x64.Build.0 = Release|Any CPU
		{580E0BAF-4855-4987-828B-757A74431409}.Release|x64.Deploy.0 = Release|Any CPU
		{580E0BAF-4855-4987-828B-757A74431409}.Release|x86.ActiveCfg = Release|Any CPU
		{580E0BAF-4855-4987-828B-757A74431409}.Release|x86.Build.0 = Release|Any CPU
		{580E0BAF-4855-4987-828B-757A74431409}.Release|x86.Deploy.0 = Release|Any CPU
		{71F477CD-3A0C-4B0B-B1FA-A12F827EC555}.Ad-Hoc|Any CPU.ActiveCfg = Ad-Hoc|iPhone
		{71F477CD-3A0C-4B0B-B1FA-A12F827EC555}.Ad-Hoc|ARM.ActiveCfg = Ad-Hoc|iPhone
		{71F477CD-3A0C-4B0B-B1FA-A12F827EC555}.Ad-Hoc|iPhone.ActiveCfg = Ad-Hoc|iPhone
		{71F477CD-3A0C-4B0B-B1FA-A12F827EC555}.Ad-Hoc|iPhone.Build.0 = Ad-Hoc|iPhone
		{71F477CD-3A0C-4B0B-B1FA-A12F827EC555}.Ad-Hoc|iPhoneSimulator.ActiveCfg = Ad-Hoc|iPhoneSimulator
		{71F477CD-3A0C-4B0B-B1FA-A12F827EC555}.Ad-Hoc|iPhoneSimulator.Build.0 = Ad-Hoc|iPhoneSimulator
		{71F477CD-3A0C-4B0B-B1FA-A12F827EC555}.Ad-Hoc|x64.ActiveCfg = Ad-Hoc|iPhone
		{71F477CD-3A0C-4B0B-B1FA-A12F827EC555}.Ad-Hoc|x86.ActiveCfg = Ad-Hoc|iPhone
		{71F477CD-3A0C-4B0B-B1FA-A12F827EC555}.AppStore|Any CPU.ActiveCfg = AppStore|iPhone
		{71F477CD-3A0C-4B0B-B1FA-A12F827EC555}.AppStore|ARM.ActiveCfg = AppStore|iPhone
		{71F477CD-3A0C-4B0B-B1FA-A12F827EC555}.AppStore|iPhone.ActiveCfg = AppStore|iPhone
		{71F477CD-3A0C-4B0B-B1FA-A12F827EC555}.AppStore|iPhone.Build.0 = AppStore|iPhone
		{71F477CD-3A0C-4B0B-B1FA-A12F827EC555}.AppStore|iPhoneSimulator.ActiveCfg = AppStore|iPhoneSimulator
		{71F477CD-3A0C-4B0B-B1FA-A12F827EC555}.AppStore|iPhoneSimulator.Build.0 = AppStore|iPhoneSimulator
		{71F477CD-3A0C-4B0B-B1FA-A12F827EC555}.AppStore|x64.ActiveCfg = AppStore|iPhone
		{71F477CD-3A0C-4B0B-B1FA-A12F827EC555}.AppStore|x86.ActiveCfg = AppStore|iPhone
		{71F477CD-3A0C-4B0B-B1FA-A12F827EC555}.Debug|Any CPU.ActiveCfg = Debug|iPhone
		{71F477CD-3A0C-4B0B-B1FA-A12F827EC555}.Debug|ARM.ActiveCfg = Debug|iPhone
		{71F477CD-3A0C-4B0B-B1FA-A12F827EC555}.Debug|iPhone.ActiveCfg = Debug|iPhone
		{71F477CD-3A0C-4B0B-B1FA-A12F827EC555}.Debug|iPhone.Build.0 = Debug|iPhone
		{71F477CD-3A0C-4B0B-B1FA-A12F827EC555}.Debug|iPhoneSimulator.ActiveCfg = Debug|iPhoneSimulator
		{71F477CD-3A0C-4B0B-B1FA-A12F827EC555}.Debug|iPhoneSimulator.Build.0 = Debug|iPhoneSimulator
		{71F477CD-3A0C-4B0B-B1FA-A12F827EC555}.Debug|x64.ActiveCfg = Debug|iPhone
		{71F477CD-3A0C-4B0B-B1FA-A12F827EC555}.Debug|x86.ActiveCfg = Debug|iPhone
		{71F477CD-3A0C-4B0B-B1FA-A12F827EC555}.Release|Any CPU.ActiveCfg = Release|iPhone
		{71F477CD-3A0C-4B0B-B1FA-A12F827EC555}.Release|ARM.ActiveCfg = Release|iPhone
		{71F477CD-3A0C-4B0B-B1FA-A12F827EC555}.Release|iPhone.ActiveCfg = Release|iPhone
		{71F477CD-3A0C-4B0B-B1FA-A12F827EC555}.Release|iPhone.Build.0 = Release|iPhone
		{71F477CD-3A0C-4B0B-B1FA-A12F827EC555}.Release|iPhoneSimulator.ActiveCfg = Release|iPhoneSimulator
		{71F477CD-3A0C-4B0B-B1FA-A12F827EC555}.Release|iPhoneSimulator.Build.0 = Release|iPhoneSimulator
		{71F477CD-3A0C-4B0B-B1FA-A12F827EC555}.Release|x64.ActiveCfg = Release|iPhone
		{71F477CD-3A0C-4B0B-B1FA-A12F827EC555}.Release|x86.ActiveCfg = Release|iPhone
		{CE877B24-719F-4FBB-A00C-C2CD24E867F3}.Ad-Hoc|Any CPU.ActiveCfg = Release|Any CPU
		{CE877B24-719F-4FBB-A00C-C2CD24E867F3}.Ad-Hoc|Any CPU.Build.0 = Release|Any CPU
		{CE877B24-719F-4FBB-A00C-C2CD24E867F3}.Ad-Hoc|Any CPU.Deploy.0 = Release|Any CPU
		{CE877B24-719F-4FBB-A00C-C2CD24E867F3}.Ad-Hoc|ARM.ActiveCfg = Release|ARM
		{CE877B24-719F-4FBB-A00C-C2CD24E867F3}.Ad-Hoc|ARM.Build.0 = Release|ARM
		{CE877B24-719F-4FBB-A00C-C2CD24E867F3}.Ad-Hoc|ARM.Deploy.0 = Release|ARM
		{CE877B24-719F-4FBB-A00C-C2CD24E867F3}.Ad-Hoc|iPhone.ActiveCfg = Release|Any CPU
		{CE877B24-719F-4FBB-A00C-C2CD24E867F3}.Ad-Hoc|iPhone.Build.0 = Release|Any CPU
		{CE877B24-719F-4FBB-A00C-C2CD24E867F3}.Ad-Hoc|iPhone.Deploy.0 = Release|Any CPU
		{CE877B24-719F-4FBB-A00C-C2CD24E867F3}.Ad-Hoc|iPhoneSimulator.ActiveCfg = Release|Any CPU
		{CE877B24-719F-4FBB-A00C-C2CD24E867F3}.Ad-Hoc|iPhoneSimulator.Build.0 = Release|Any CPU
		{CE877B24-719F-4FBB-A00C-C2CD24E867F3}.Ad-Hoc|iPhoneSimulator.Deploy.0 = Release|Any CPU
		{CE877B24-719F-4FBB-A00C-C2CD24E867F3}.Ad-Hoc|x64.ActiveCfg = Release|Any CPU
		{CE877B24-719F-4FBB-A00C-C2CD24E867F3}.Ad-Hoc|x64.Build.0 = Release|Any CPU
		{CE877B24-719F-4FBB-A00C-C2CD24E867F3}.Ad-Hoc|x64.Deploy.0 = Release|Any CPU
		{CE877B24-719F-4FBB-A00C-C2CD24E867F3}.Ad-Hoc|x86.ActiveCfg = Release|x86
		{CE877B24-719F-4FBB-A00C-C2CD24E867F3}.Ad-Hoc|x86.Build.0 = Release|x86
		{CE877B24-719F-4FBB-A00C-C2CD24E867F3}.Ad-Hoc|x86.Deploy.0 = Release|x86
		{CE877B24-719F-4FBB-A00C-C2CD24E867F3}.AppStore|Any CPU.ActiveCfg = Release|Any CPU
		{CE877B24-719F-4FBB-A00C-C2CD24E867F3}.AppStore|Any CPU.Build.0 = Release|Any CPU
		{CE877B24-719F-4FBB-A00C-C2CD24E867F3}.AppStore|Any CPU.Deploy.0 = Release|Any CPU
		{CE877B24-719F-4FBB-A00C-C2CD24E867F3}.AppStore|ARM.ActiveCfg = Release|ARM
		{CE877B24-719F-4FBB-A00C-C2CD24E867F3}.AppStore|ARM.Build.0 = Release|ARM
		{CE877B24-719F-4FBB-A00C-C2CD24E867F3}.AppStore|ARM.Deploy.0 = Release|ARM
		{CE877B24-719F-4FBB-A00C-C2CD24E867F3}.AppStore|iPhone.ActiveCfg = Release|Any CPU
		{CE877B24-719F-4FBB-A00C-C2CD24E867F3}.AppStore|iPhone.Build.0 = Release|Any CPU
		{CE877B24-719F-4FBB-A00C-C2CD24E867F3}.AppStore|iPhone.Deploy.0 = Release|Any CPU
		{CE877B24-719F-4FBB-A00C-C2CD24E867F3}.AppStore|iPhoneSimulator.ActiveCfg = Release|Any CPU
		{CE877B24-719F-4FBB-A00C-C2CD24E867F3}.AppStore|iPhoneSimulator.Build.0 = Release|Any CPU
		{CE877B24-719F-4FBB-A00C-C2CD24E867F3}.AppStore|iPhoneSimulator.Deploy.0 = Release|Any CPU
		{CE877B24-719F-4FBB-A00C-C2CD24E867F3}.AppStore|x64.ActiveCfg = Release|Any CPU
		{CE877B24-719F-4FBB-A00C-C2CD24E867F3}.AppStore|x64.Build.0 = Release|Any CPU
		{CE877B24-719F-4FBB-A00C-C2CD24E867F3}.AppStore|x64.Deploy.0 = Release|Any CPU
		{CE877B24-719F-4FBB-A00C-C2CD24E867F3}.AppStore|x86.ActiveCfg = Release|x86
		{CE877B24-719F-4FBB-A00C-C2CD24E867F3}.AppStore|x86.Build.0 = Release|x86
		{CE877B24-719F-4FBB-A00C-C2CD24E867F3}.AppStore|x86.Deploy.0 = Release|x86
		{CE877B24-719F-4FBB-A00C-C2CD24E867F3}.Debug|Any CPU.ActiveCfg = Debug|Any CPU
		{CE877B24-719F-4FBB-A00C-C2CD24E867F3}.Debug|Any CPU.Build.0 = Debug|Any CPU
		{CE877B24-719F-4FBB-A00C-C2CD24E867F3}.Debug|Any CPU.Deploy.0 = Debug|Any CPU
		{CE877B24-719F-4FBB-A00C-C2CD24E867F3}.Debug|ARM.ActiveCfg = Debug|ARM
		{CE877B24-719F-4FBB-A00C-C2CD24E867F3}.Debug|ARM.Build.0 = Debug|ARM
		{CE877B24-719F-4FBB-A00C-C2CD24E867F3}.Debug|ARM.Deploy.0 = Debug|ARM
		{CE877B24-719F-4FBB-A00C-C2CD24E867F3}.Debug|iPhone.ActiveCfg = Debug|Any CPU
		{CE877B24-719F-4FBB-A00C-C2CD24E867F3}.Debug|iPhone.Build.0 = Debug|Any CPU
		{CE877B24-719F-4FBB-A00C-C2CD24E867F3}.Debug|iPhone.Deploy.0 = Debug|Any CPU
		{CE877B24-719F-4FBB-A00C-C2CD24E867F3}.Debug|iPhoneSimulator.ActiveCfg = Debug|Any CPU
		{CE877B24-719F-4FBB-A00C-C2CD24E867F3}.Debug|iPhoneSimulator.Build.0 = Debug|Any CPU
		{CE877B24-719F-4FBB-A00C-C2CD24E867F3}.Debug|iPhoneSimulator.Deploy.0 = Debug|Any CPU
		{CE877B24-719F-4FBB-A00C-C2CD24E867F3}.Debug|x64.ActiveCfg = Debug|Any CPU
		{CE877B24-719F-4FBB-A00C-C2CD24E867F3}.Debug|x64.Build.0 = Debug|Any CPU
		{CE877B24-719F-4FBB-A00C-C2CD24E867F3}.Debug|x64.Deploy.0 = Debug|Any CPU
		{CE877B24-719F-4FBB-A00C-C2CD24E867F3}.Debug|x86.ActiveCfg = Debug|x86
		{CE877B24-719F-4FBB-A00C-C2CD24E867F3}.Debug|x86.Build.0 = Debug|x86
		{CE877B24-719F-4FBB-A00C-C2CD24E867F3}.Debug|x86.Deploy.0 = Debug|x86
		{CE877B24-719F-4FBB-A00C-C2CD24E867F3}.Release|Any CPU.ActiveCfg = Release|Any CPU
		{CE877B24-719F-4FBB-A00C-C2CD24E867F3}.Release|Any CPU.Build.0 = Release|Any CPU
		{CE877B24-719F-4FBB-A00C-C2CD24E867F3}.Release|Any CPU.Deploy.0 = Release|Any CPU
		{CE877B24-719F-4FBB-A00C-C2CD24E867F3}.Release|ARM.ActiveCfg = Release|ARM
		{CE877B24-719F-4FBB-A00C-C2CD24E867F3}.Release|ARM.Build.0 = Release|ARM
		{CE877B24-719F-4FBB-A00C-C2CD24E867F3}.Release|ARM.Deploy.0 = Release|ARM
		{CE877B24-719F-4FBB-A00C-C2CD24E867F3}.Release|iPhone.ActiveCfg = Release|Any CPU
		{CE877B24-719F-4FBB-A00C-C2CD24E867F3}.Release|iPhone.Build.0 = Release|Any CPU
		{CE877B24-719F-4FBB-A00C-C2CD24E867F3}.Release|iPhone.Deploy.0 = Release|Any CPU
		{CE877B24-719F-4FBB-A00C-C2CD24E867F3}.Release|iPhoneSimulator.ActiveCfg = Release|Any CPU
		{CE877B24-719F-4FBB-A00C-C2CD24E867F3}.Release|iPhoneSimulator.Build.0 = Release|Any CPU
		{CE877B24-719F-4FBB-A00C-C2CD24E867F3}.Release|iPhoneSimulator.Deploy.0 = Release|Any CPU
		{CE877B24-719F-4FBB-A00C-C2CD24E867F3}.Release|x64.ActiveCfg = Release|Any CPU
		{CE877B24-719F-4FBB-A00C-C2CD24E867F3}.Release|x64.Build.0 = Release|Any CPU
		{CE877B24-719F-4FBB-A00C-C2CD24E867F3}.Release|x64.Deploy.0 = Release|Any CPU
		{CE877B24-719F-4FBB-A00C-C2CD24E867F3}.Release|x86.ActiveCfg = Release|x86
		{CE877B24-719F-4FBB-A00C-C2CD24E867F3}.Release|x86.Build.0 = Release|x86
		{CE877B24-719F-4FBB-A00C-C2CD24E867F3}.Release|x86.Deploy.0 = Release|x86
		{490C14A2-CC60-4571-A7BD-CC91F5CAA21B}.Ad-Hoc|Any CPU.ActiveCfg = Release|x86
		{490C14A2-CC60-4571-A7BD-CC91F5CAA21B}.Ad-Hoc|Any CPU.Build.0 = Release|x86
		{490C14A2-CC60-4571-A7BD-CC91F5CAA21B}.Ad-Hoc|Any CPU.Deploy.0 = Release|x86
		{490C14A2-CC60-4571-A7BD-CC91F5CAA21B}.Ad-Hoc|ARM.ActiveCfg = Release|ARM
		{490C14A2-CC60-4571-A7BD-CC91F5CAA21B}.Ad-Hoc|ARM.Build.0 = Release|ARM
		{490C14A2-CC60-4571-A7BD-CC91F5CAA21B}.Ad-Hoc|ARM.Deploy.0 = Release|ARM
		{490C14A2-CC60-4571-A7BD-CC91F5CAA21B}.Ad-Hoc|iPhone.ActiveCfg = Release|x86
		{490C14A2-CC60-4571-A7BD-CC91F5CAA21B}.Ad-Hoc|iPhone.Build.0 = Release|x86
		{490C14A2-CC60-4571-A7BD-CC91F5CAA21B}.Ad-Hoc|iPhone.Deploy.0 = Release|x86
		{490C14A2-CC60-4571-A7BD-CC91F5CAA21B}.Ad-Hoc|iPhoneSimulator.ActiveCfg = Release|x86
		{490C14A2-CC60-4571-A7BD-CC91F5CAA21B}.Ad-Hoc|iPhoneSimulator.Build.0 = Release|x86
		{490C14A2-CC60-4571-A7BD-CC91F5CAA21B}.Ad-Hoc|iPhoneSimulator.Deploy.0 = Release|x86
		{490C14A2-CC60-4571-A7BD-CC91F5CAA21B}.Ad-Hoc|x64.ActiveCfg = Release|x64
		{490C14A2-CC60-4571-A7BD-CC91F5CAA21B}.Ad-Hoc|x64.Build.0 = Release|x64
		{490C14A2-CC60-4571-A7BD-CC91F5CAA21B}.Ad-Hoc|x64.Deploy.0 = Release|x64
		{490C14A2-CC60-4571-A7BD-CC91F5CAA21B}.Ad-Hoc|x86.ActiveCfg = Release|x86
		{490C14A2-CC60-4571-A7BD-CC91F5CAA21B}.Ad-Hoc|x86.Build.0 = Release|x86
		{490C14A2-CC60-4571-A7BD-CC91F5CAA21B}.Ad-Hoc|x86.Deploy.0 = Release|x86
		{490C14A2-CC60-4571-A7BD-CC91F5CAA21B}.AppStore|Any CPU.ActiveCfg = Release|x86
		{490C14A2-CC60-4571-A7BD-CC91F5CAA21B}.AppStore|Any CPU.Build.0 = Release|x86
		{490C14A2-CC60-4571-A7BD-CC91F5CAA21B}.AppStore|Any CPU.Deploy.0 = Release|x86
		{490C14A2-CC60-4571-A7BD-CC91F5CAA21B}.AppStore|ARM.ActiveCfg = Release|ARM
		{490C14A2-CC60-4571-A7BD-CC91F5CAA21B}.AppStore|ARM.Build.0 = Release|ARM
		{490C14A2-CC60-4571-A7BD-CC91F5CAA21B}.AppStore|ARM.Deploy.0 = Release|ARM
		{490C14A2-CC60-4571-A7BD-CC91F5CAA21B}.AppStore|iPhone.ActiveCfg = Release|x86
		{490C14A2-CC60-4571-A7BD-CC91F5CAA21B}.AppStore|iPhone.Build.0 = Release|x86
		{490C14A2-CC60-4571-A7BD-CC91F5CAA21B}.AppStore|iPhone.Deploy.0 = Release|x86
		{490C14A2-CC60-4571-A7BD-CC91F5CAA21B}.AppStore|iPhoneSimulator.ActiveCfg = Release|x86
		{490C14A2-CC60-4571-A7BD-CC91F5CAA21B}.AppStore|iPhoneSimulator.Build.0 = Release|x86
		{490C14A2-CC60-4571-A7BD-CC91F5CAA21B}.AppStore|iPhoneSimulator.Deploy.0 = Release|x86
		{490C14A2-CC60-4571-A7BD-CC91F5CAA21B}.AppStore|x64.ActiveCfg = Release|x64
		{490C14A2-CC60-4571-A7BD-CC91F5CAA21B}.AppStore|x64.Build.0 = Release|x64
		{490C14A2-CC60-4571-A7BD-CC91F5CAA21B}.AppStore|x64.Deploy.0 = Release|x64
		{490C14A2-CC60-4571-A7BD-CC91F5CAA21B}.AppStore|x86.ActiveCfg = Release|x86
		{490C14A2-CC60-4571-A7BD-CC91F5CAA21B}.AppStore|x86.Build.0 = Release|x86
		{490C14A2-CC60-4571-A7BD-CC91F5CAA21B}.AppStore|x86.Deploy.0 = Release|x86
		{490C14A2-CC60-4571-A7BD-CC91F5CAA21B}.Debug|Any CPU.ActiveCfg = Debug|x86
		{490C14A2-CC60-4571-A7BD-CC91F5CAA21B}.Debug|ARM.ActiveCfg = Debug|ARM
		{490C14A2-CC60-4571-A7BD-CC91F5CAA21B}.Debug|ARM.Build.0 = Debug|ARM
		{490C14A2-CC60-4571-A7BD-CC91F5CAA21B}.Debug|ARM.Deploy.0 = Debug|ARM
		{490C14A2-CC60-4571-A7BD-CC91F5CAA21B}.Debug|iPhone.ActiveCfg = Debug|x86
		{490C14A2-CC60-4571-A7BD-CC91F5CAA21B}.Debug|iPhoneSimulator.ActiveCfg = Debug|x86
		{490C14A2-CC60-4571-A7BD-CC91F5CAA21B}.Debug|x64.ActiveCfg = Debug|x64
		{490C14A2-CC60-4571-A7BD-CC91F5CAA21B}.Debug|x64.Build.0 = Debug|x64
		{490C14A2-CC60-4571-A7BD-CC91F5CAA21B}.Debug|x64.Deploy.0 = Debug|x64
		{490C14A2-CC60-4571-A7BD-CC91F5CAA21B}.Debug|x86.ActiveCfg = Debug|x86
		{490C14A2-CC60-4571-A7BD-CC91F5CAA21B}.Debug|x86.Build.0 = Debug|x86
		{490C14A2-CC60-4571-A7BD-CC91F5CAA21B}.Debug|x86.Deploy.0 = Debug|x86
		{490C14A2-CC60-4571-A7BD-CC91F5CAA21B}.Release|Any CPU.ActiveCfg = Release|x86
		{490C14A2-CC60-4571-A7BD-CC91F5CAA21B}.Release|ARM.ActiveCfg = Release|ARM
		{490C14A2-CC60-4571-A7BD-CC91F5CAA21B}.Release|ARM.Build.0 = Release|ARM
		{490C14A2-CC60-4571-A7BD-CC91F5CAA21B}.Release|ARM.Deploy.0 = Release|ARM
		{490C14A2-CC60-4571-A7BD-CC91F5CAA21B}.Release|iPhone.ActiveCfg = Release|x86
		{490C14A2-CC60-4571-A7BD-CC91F5CAA21B}.Release|iPhoneSimulator.ActiveCfg = Release|x86
		{490C14A2-CC60-4571-A7BD-CC91F5CAA21B}.Release|x64.ActiveCfg = Release|x64
		{490C14A2-CC60-4571-A7BD-CC91F5CAA21B}.Release|x64.Build.0 = Release|x64
		{490C14A2-CC60-4571-A7BD-CC91F5CAA21B}.Release|x64.Deploy.0 = Release|x64
		{490C14A2-CC60-4571-A7BD-CC91F5CAA21B}.Release|x86.ActiveCfg = Release|x86
		{490C14A2-CC60-4571-A7BD-CC91F5CAA21B}.Release|x86.Build.0 = Release|x86
		{490C14A2-CC60-4571-A7BD-CC91F5CAA21B}.Release|x86.Deploy.0 = Release|x86
		{B2F6ECF1-A111-41BC-9A8E-B1F3624014C2}.Ad-Hoc|Any CPU.ActiveCfg = Release|Any CPU
		{B2F6ECF1-A111-41BC-9A8E-B1F3624014C2}.Ad-Hoc|Any CPU.Build.0 = Release|Any CPU
		{B2F6ECF1-A111-41BC-9A8E-B1F3624014C2}.Ad-Hoc|Any CPU.Deploy.0 = Release|Any CPU
		{B2F6ECF1-A111-41BC-9A8E-B1F3624014C2}.Ad-Hoc|ARM.ActiveCfg = Release|ARM
		{B2F6ECF1-A111-41BC-9A8E-B1F3624014C2}.Ad-Hoc|ARM.Build.0 = Release|ARM
		{B2F6ECF1-A111-41BC-9A8E-B1F3624014C2}.Ad-Hoc|ARM.Deploy.0 = Release|ARM
		{B2F6ECF1-A111-41BC-9A8E-B1F3624014C2}.Ad-Hoc|iPhone.ActiveCfg = Release|Any CPU
		{B2F6ECF1-A111-41BC-9A8E-B1F3624014C2}.Ad-Hoc|iPhone.Build.0 = Release|Any CPU
		{B2F6ECF1-A111-41BC-9A8E-B1F3624014C2}.Ad-Hoc|iPhone.Deploy.0 = Release|Any CPU
		{B2F6ECF1-A111-41BC-9A8E-B1F3624014C2}.Ad-Hoc|iPhoneSimulator.ActiveCfg = Release|Any CPU
		{B2F6ECF1-A111-41BC-9A8E-B1F3624014C2}.Ad-Hoc|iPhoneSimulator.Build.0 = Release|Any CPU
		{B2F6ECF1-A111-41BC-9A8E-B1F3624014C2}.Ad-Hoc|iPhoneSimulator.Deploy.0 = Release|Any CPU
		{B2F6ECF1-A111-41BC-9A8E-B1F3624014C2}.Ad-Hoc|x64.ActiveCfg = Release|x64
		{B2F6ECF1-A111-41BC-9A8E-B1F3624014C2}.Ad-Hoc|x64.Build.0 = Release|x64
		{B2F6ECF1-A111-41BC-9A8E-B1F3624014C2}.Ad-Hoc|x64.Deploy.0 = Release|x64
		{B2F6ECF1-A111-41BC-9A8E-B1F3624014C2}.Ad-Hoc|x86.ActiveCfg = Release|x86
		{B2F6ECF1-A111-41BC-9A8E-B1F3624014C2}.Ad-Hoc|x86.Build.0 = Release|x86
		{B2F6ECF1-A111-41BC-9A8E-B1F3624014C2}.Ad-Hoc|x86.Deploy.0 = Release|x86
		{B2F6ECF1-A111-41BC-9A8E-B1F3624014C2}.AppStore|Any CPU.ActiveCfg = Release|Any CPU
		{B2F6ECF1-A111-41BC-9A8E-B1F3624014C2}.AppStore|Any CPU.Build.0 = Release|Any CPU
		{B2F6ECF1-A111-41BC-9A8E-B1F3624014C2}.AppStore|Any CPU.Deploy.0 = Release|Any CPU
		{B2F6ECF1-A111-41BC-9A8E-B1F3624014C2}.AppStore|ARM.ActiveCfg = Release|ARM
		{B2F6ECF1-A111-41BC-9A8E-B1F3624014C2}.AppStore|ARM.Build.0 = Release|ARM
		{B2F6ECF1-A111-41BC-9A8E-B1F3624014C2}.AppStore|ARM.Deploy.0 = Release|ARM
		{B2F6ECF1-A111-41BC-9A8E-B1F3624014C2}.AppStore|iPhone.ActiveCfg = Release|Any CPU
		{B2F6ECF1-A111-41BC-9A8E-B1F3624014C2}.AppStore|iPhone.Build.0 = Release|Any CPU
		{B2F6ECF1-A111-41BC-9A8E-B1F3624014C2}.AppStore|iPhone.Deploy.0 = Release|Any CPU
		{B2F6ECF1-A111-41BC-9A8E-B1F3624014C2}.AppStore|iPhoneSimulator.ActiveCfg = Release|Any CPU
		{B2F6ECF1-A111-41BC-9A8E-B1F3624014C2}.AppStore|iPhoneSimulator.Build.0 = Release|Any CPU
		{B2F6ECF1-A111-41BC-9A8E-B1F3624014C2}.AppStore|iPhoneSimulator.Deploy.0 = Release|Any CPU
		{B2F6ECF1-A111-41BC-9A8E-B1F3624014C2}.AppStore|x64.ActiveCfg = Release|x64
		{B2F6ECF1-A111-41BC-9A8E-B1F3624014C2}.AppStore|x64.Build.0 = Release|x64
		{B2F6ECF1-A111-41BC-9A8E-B1F3624014C2}.AppStore|x64.Deploy.0 = Release|x64
		{B2F6ECF1-A111-41BC-9A8E-B1F3624014C2}.AppStore|x86.ActiveCfg = Release|x86
		{B2F6ECF1-A111-41BC-9A8E-B1F3624014C2}.AppStore|x86.Build.0 = Release|x86
		{B2F6ECF1-A111-41BC-9A8E-B1F3624014C2}.AppStore|x86.Deploy.0 = Release|x86
		{B2F6ECF1-A111-41BC-9A8E-B1F3624014C2}.Debug|Any CPU.ActiveCfg = Debug|Any CPU
		{B2F6ECF1-A111-41BC-9A8E-B1F3624014C2}.Debug|Any CPU.Build.0 = Debug|Any CPU
		{B2F6ECF1-A111-41BC-9A8E-B1F3624014C2}.Debug|Any CPU.Deploy.0 = Debug|Any CPU
		{B2F6ECF1-A111-41BC-9A8E-B1F3624014C2}.Debug|ARM.ActiveCfg = Debug|ARM
		{B2F6ECF1-A111-41BC-9A8E-B1F3624014C2}.Debug|ARM.Build.0 = Debug|ARM
		{B2F6ECF1-A111-41BC-9A8E-B1F3624014C2}.Debug|ARM.Deploy.0 = Debug|ARM
		{B2F6ECF1-A111-41BC-9A8E-B1F3624014C2}.Debug|iPhone.ActiveCfg = Debug|Any CPU
		{B2F6ECF1-A111-41BC-9A8E-B1F3624014C2}.Debug|iPhone.Build.0 = Debug|Any CPU
		{B2F6ECF1-A111-41BC-9A8E-B1F3624014C2}.Debug|iPhone.Deploy.0 = Debug|Any CPU
		{B2F6ECF1-A111-41BC-9A8E-B1F3624014C2}.Debug|iPhoneSimulator.ActiveCfg = Debug|Any CPU
		{B2F6ECF1-A111-41BC-9A8E-B1F3624014C2}.Debug|iPhoneSimulator.Build.0 = Debug|Any CPU
		{B2F6ECF1-A111-41BC-9A8E-B1F3624014C2}.Debug|iPhoneSimulator.Deploy.0 = Debug|Any CPU
		{B2F6ECF1-A111-41BC-9A8E-B1F3624014C2}.Debug|x64.ActiveCfg = Debug|x64
		{B2F6ECF1-A111-41BC-9A8E-B1F3624014C2}.Debug|x64.Build.0 = Debug|x64
		{B2F6ECF1-A111-41BC-9A8E-B1F3624014C2}.Debug|x64.Deploy.0 = Debug|x64
		{B2F6ECF1-A111-41BC-9A8E-B1F3624014C2}.Debug|x86.ActiveCfg = Debug|x86
		{B2F6ECF1-A111-41BC-9A8E-B1F3624014C2}.Debug|x86.Build.0 = Debug|x86
		{B2F6ECF1-A111-41BC-9A8E-B1F3624014C2}.Debug|x86.Deploy.0 = Debug|x86
		{B2F6ECF1-A111-41BC-9A8E-B1F3624014C2}.Release|Any CPU.ActiveCfg = Release|Any CPU
		{B2F6ECF1-A111-41BC-9A8E-B1F3624014C2}.Release|Any CPU.Build.0 = Release|Any CPU
		{B2F6ECF1-A111-41BC-9A8E-B1F3624014C2}.Release|Any CPU.Deploy.0 = Release|Any CPU
		{B2F6ECF1-A111-41BC-9A8E-B1F3624014C2}.Release|ARM.ActiveCfg = Release|ARM
		{B2F6ECF1-A111-41BC-9A8E-B1F3624014C2}.Release|ARM.Build.0 = Release|ARM
		{B2F6ECF1-A111-41BC-9A8E-B1F3624014C2}.Release|ARM.Deploy.0 = Release|ARM
		{B2F6ECF1-A111-41BC-9A8E-B1F3624014C2}.Release|iPhone.ActiveCfg = Release|Any CPU
		{B2F6ECF1-A111-41BC-9A8E-B1F3624014C2}.Release|iPhone.Build.0 = Release|Any CPU
		{B2F6ECF1-A111-41BC-9A8E-B1F3624014C2}.Release|iPhone.Deploy.0 = Release|Any CPU
		{B2F6ECF1-A111-41BC-9A8E-B1F3624014C2}.Release|iPhoneSimulator.ActiveCfg = Release|Any CPU
		{B2F6ECF1-A111-41BC-9A8E-B1F3624014C2}.Release|iPhoneSimulator.Build.0 = Release|Any CPU
		{B2F6ECF1-A111-41BC-9A8E-B1F3624014C2}.Release|iPhoneSimulator.Deploy.0 = Release|Any CPU
		{B2F6ECF1-A111-41BC-9A8E-B1F3624014C2}.Release|x64.ActiveCfg = Release|x64
		{B2F6ECF1-A111-41BC-9A8E-B1F3624014C2}.Release|x64.Build.0 = Release|x64
		{B2F6ECF1-A111-41BC-9A8E-B1F3624014C2}.Release|x64.Deploy.0 = Release|x64
		{B2F6ECF1-A111-41BC-9A8E-B1F3624014C2}.Release|x86.ActiveCfg = Release|x86
		{B2F6ECF1-A111-41BC-9A8E-B1F3624014C2}.Release|x86.Build.0 = Release|x86
		{B2F6ECF1-A111-41BC-9A8E-B1F3624014C2}.Release|x86.Deploy.0 = Release|x86
	EndGlobalSection
	GlobalSection(SolutionProperties) = preSolution
		HideSolutionNode = FALSE
	EndGlobalSection
EndGlobal
